
Microsoft Visual Studio Solution File, Format Version 12.00
# Visual Studio Version 17
VisualStudioVersion = 17.14.36221.1 d17.14
MinimumVisualStudioVersion = 10.0.40219.1
Project("{FAE04EC0-301F-11D3-BF4B-00C04F79EFBC}") = "MAIN-POS", "MAIN-POS.csproj", "{D60BA955-095A-435D-81AA-A3B63EA93125}"
EndProject
Global
	GlobalSection(SolutionConfigurationPlatforms) = preSolution
		Debug|Any CPU = Debug|Any CPU
		Release|Any CPU = Release|Any CPU
	EndGlobalSection
	GlobalSection(ProjectConfigurationPlatforms) = postSolution
		{D60BA955-095A-435D-81AA-A3B63EA93125}.Debug|Any CPU.ActiveCfg = Debug|Any CPU
		{D60BA955-095A-435D-81AA-A3B63EA93125}.Debug|Any CPU.Build.0 = Debug|Any CPU
		{D60BA955-095A-435D-81AA-A3B63EA93125}.Release|Any CPU.ActiveCfg = Release|Any CPU
		{D60BA955-095A-435D-81AA-A3B63EA93125}.Release|Any CPU.Build.0 = Release|Any CPU
	EndGlobalSection
	GlobalSection(SolutionProperties) = preSolution
		HideSolutionNode = FALSE
	EndGlobalSection
	GlobalSection(ExtensibilityGlobals) = postSolution
		SolutionGuid = {C78CF0C7-4EC5-4F9E-8F94-AA26BEC1A3BA}
	EndGlobalSection
EndGlobal
